// !$*UTF8*$!
{
	archiveVersion = 1;
	classes = {
	};
	objectVersion = 46;
	objects = {

/* Begin PBXBuildFile section */
		F50062F11F9240D200996929 /* GCDDataManager.swift in Sources */ = {isa = PBXBuildFile; fileRef = F50062F01F9240D200996929 /* GCDDataManager.swift */; };
		F50062F31F9240DF00996929 /* OperationDataManager.swift in Sources */ = {isa = PBXBuildFile; fileRef = F50062F21F9240DF00996929 /* OperationDataManager.swift */; };
		F550A20C1F88166F0077A1E0 /* ConversationsListViewController.swift in Sources */ = {isa = PBXBuildFile; fileRef = F550A20B1F88166F0077A1E0 /* ConversationsListViewController.swift */; };
		F550A20E1F88D7F60077A1E0 /* ConversationsTableViewCell.swift in Sources */ = {isa = PBXBuildFile; fileRef = F550A20D1F88D7F60077A1E0 /* ConversationsTableViewCell.swift */; };
		F550A2101F88E3B70077A1E0 /* Message.swift in Sources */ = {isa = PBXBuildFile; fileRef = F550A20F1F88E3B70077A1E0 /* Message.swift */; };
		F55D33871FA5E1E30019D515 /* PeersService.swift in Sources */ = {isa = PBXBuildFile; fileRef = F55D33861FA5E1E30019D515 /* PeersService.swift */; };
		F563645E1F89585B00DC57BD /* ConversationViewController.swift in Sources */ = {isa = PBXBuildFile; fileRef = F563645D1F89585B00DC57BD /* ConversationViewController.swift */; };
		F56364601F89692700DC57BD /* ChatTableViewCell.swift in Sources */ = {isa = PBXBuildFile; fileRef = F563645F1F89692700DC57BD /* ChatTableViewCell.swift */; };
		F5A6AE1B1FA67159004F54E8 /* FetchMessagesService.swift in Sources */ = {isa = PBXBuildFile; fileRef = F5A6AE1A1FA67159004F54E8 /* FetchMessagesService.swift */; };
		F5C2AAA51FA496FA00FB028F /* ConversationsList.storyboard in Resources */ = {isa = PBXBuildFile; fileRef = F5C2AAA41FA496FA00FB028F /* ConversationsList.storyboard */; };
		F5C2AAA71FA4970D00FB028F /* Conversation.storyboard in Resources */ = {isa = PBXBuildFile; fileRef = F5C2AAA61FA4970D00FB028F /* Conversation.storyboard */; };
		F5C2AAAC1FA4A5F800FB028F /* RootAssembly.swift in Sources */ = {isa = PBXBuildFile; fileRef = F5C2AAAB1FA4A5F800FB028F /* RootAssembly.swift */; };
		F5C2AAAE1FA4AAA700FB028F /* ConversationsListAssembly.swift in Sources */ = {isa = PBXBuildFile; fileRef = F5C2AAAD1FA4AAA700FB028F /* ConversationsListAssembly.swift */; };
		F5C2AAB11FA5044300FB028F /* ConversationsListModel.swift in Sources */ = {isa = PBXBuildFile; fileRef = F5C2AAB01FA5044300FB028F /* ConversationsListModel.swift */; };
		F5C5CD391F9A90B600F901CC /* MultipeerCommunicator.swift in Sources */ = {isa = PBXBuildFile; fileRef = F5C5CD381F9A90B600F901CC /* MultipeerCommunicator.swift */; };
		F5C5CD3D1F9B800800F901CC /* CommunicationManager.swift in Sources */ = {isa = PBXBuildFile; fileRef = F5C5CD3C1F9B800800F901CC /* CommunicationManager.swift */; };
		F5D331931F72C978004BE0DE /* AppDelegate.swift in Sources */ = {isa = PBXBuildFile; fileRef = F5D331921F72C978004BE0DE /* AppDelegate.swift */; };
		F5D331951F72C978004BE0DE /* ProfileViewController.swift in Sources */ = {isa = PBXBuildFile; fileRef = F5D331941F72C978004BE0DE /* ProfileViewController.swift */; };
		F5D331981F72C978004BE0DE /* Profile.storyboard in Resources */ = {isa = PBXBuildFile; fileRef = F5D331961F72C978004BE0DE /* Profile.storyboard */; };
		F5D3319D1F72C978004BE0DE /* Assets.xcassets in Resources */ = {isa = PBXBuildFile; fileRef = F5D3319C1F72C978004BE0DE /* Assets.xcassets */; };
		F5D331A01F72C978004BE0DE /* LaunchScreen.storyboard in Resources */ = {isa = PBXBuildFile; fileRef = F5D3319E1F72C978004BE0DE /* LaunchScreen.storyboard */; };
		F5D331A81F72D1A6004BE0DE /* Media.xcassets in Resources */ = {isa = PBXBuildFile; fileRef = F5D331A71F72D1A6004BE0DE /* Media.xcassets */; };
		F5D610941FA5F29A004161A7 /* ConversationAssembly.swift in Sources */ = {isa = PBXBuildFile; fileRef = F5D610931FA5F29A004161A7 /* ConversationAssembly.swift */; };
		F5D610971FA5F2C1004161A7 /* ConversationModel.swift in Sources */ = {isa = PBXBuildFile; fileRef = F5D610961FA5F2C1004161A7 /* ConversationModel.swift */; };
		F5D610991FA5F312004161A7 /* SendMessageService.swift in Sources */ = {isa = PBXBuildFile; fileRef = F5D610981FA5F312004161A7 /* SendMessageService.swift */; };
		F5E471D21FA72FC1002EA9FB /* ProfileAssembly.swift in Sources */ = {isa = PBXBuildFile; fileRef = F5E471D11FA72FC1002EA9FB /* ProfileAssembly.swift */; };
		F5E471D41FA72FD2002EA9FB /* ProfileModel.swift in Sources */ = {isa = PBXBuildFile; fileRef = F5E471D31FA72FD2002EA9FB /* ProfileModel.swift */; };
		F5E471D61FA7397B002EA9FB /* ReadDataService.swift in Sources */ = {isa = PBXBuildFile; fileRef = F5E471D51FA7397B002EA9FB /* ReadDataService.swift */; };
		F5E471D81FA73989002EA9FB /* WriteDataService.swift in Sources */ = {isa = PBXBuildFile; fileRef = F5E471D71FA73989002EA9FB /* WriteDataService.swift */; };
		F5E471DA1FA75095002EA9FB /* CreateQueue.swift in Sources */ = {isa = PBXBuildFile; fileRef = F5E471D91FA75095002EA9FB /* CreateQueue.swift */; };
/* End PBXBuildFile section */

/* Begin PBXFileReference section */
		F50062F01F9240D200996929 /* GCDDataManager.swift */ = {isa = PBXFileReference; lastKnownFileType = sourcecode.swift; path = GCDDataManager.swift; sourceTree = "<group>"; };
		F50062F21F9240DF00996929 /* OperationDataManager.swift */ = {isa = PBXFileReference; lastKnownFileType = sourcecode.swift; path = OperationDataManager.swift; sourceTree = "<group>"; };
		F550A20B1F88166F0077A1E0 /* ConversationsListViewController.swift */ = {isa = PBXFileReference; lastKnownFileType = sourcecode.swift; path = ConversationsListViewController.swift; sourceTree = "<group>"; };
		F550A20D1F88D7F60077A1E0 /* ConversationsTableViewCell.swift */ = {isa = PBXFileReference; lastKnownFileType = sourcecode.swift; path = ConversationsTableViewCell.swift; sourceTree = "<group>"; };
		F550A20F1F88E3B70077A1E0 /* Message.swift */ = {isa = PBXFileReference; lastKnownFileType = sourcecode.swift; path = Message.swift; sourceTree = "<group>"; };
		F55D33861FA5E1E30019D515 /* PeersService.swift */ = {isa = PBXFileReference; lastKnownFileType = sourcecode.swift; path = PeersService.swift; sourceTree = "<group>"; };
		F563645D1F89585B00DC57BD /* ConversationViewController.swift */ = {isa = PBXFileReference; lastKnownFileType = sourcecode.swift; path = ConversationViewController.swift; sourceTree = "<group>"; };
		F563645F1F89692700DC57BD /* ChatTableViewCell.swift */ = {isa = PBXFileReference; lastKnownFileType = sourcecode.swift; path = ChatTableViewCell.swift; sourceTree = "<group>"; };
		F5A6AE1A1FA67159004F54E8 /* FetchMessagesService.swift */ = {isa = PBXFileReference; lastKnownFileType = sourcecode.swift; path = FetchMessagesService.swift; sourceTree = "<group>"; };
		F5C2AAA41FA496FA00FB028F /* ConversationsList.storyboard */ = {isa = PBXFileReference; lastKnownFileType = file.storyboard; path = ConversationsList.storyboard; sourceTree = "<group>"; };
		F5C2AAA61FA4970D00FB028F /* Conversation.storyboard */ = {isa = PBXFileReference; lastKnownFileType = file.storyboard; path = Conversation.storyboard; sourceTree = "<group>"; };
		F5C2AAAB1FA4A5F800FB028F /* RootAssembly.swift */ = {isa = PBXFileReference; lastKnownFileType = sourcecode.swift; path = RootAssembly.swift; sourceTree = "<group>"; };
		F5C2AAAD1FA4AAA700FB028F /* ConversationsListAssembly.swift */ = {isa = PBXFileReference; lastKnownFileType = sourcecode.swift; path = ConversationsListAssembly.swift; sourceTree = "<group>"; };
		F5C2AAB01FA5044300FB028F /* ConversationsListModel.swift */ = {isa = PBXFileReference; lastKnownFileType = sourcecode.swift; path = ConversationsListModel.swift; sourceTree = "<group>"; };
		F5C5CD381F9A90B600F901CC /* MultipeerCommunicator.swift */ = {isa = PBXFileReference; lastKnownFileType = sourcecode.swift; path = MultipeerCommunicator.swift; sourceTree = "<group>"; };
		F5C5CD3C1F9B800800F901CC /* CommunicationManager.swift */ = {isa = PBXFileReference; lastKnownFileType = sourcecode.swift; path = CommunicationManager.swift; sourceTree = "<group>"; };
		F5D3318F1F72C978004BE0DE /* TinkoffChat.app */ = {isa = PBXFileReference; explicitFileType = wrapper.application; includeInIndex = 0; path = TinkoffChat.app; sourceTree = BUILT_PRODUCTS_DIR; };
		F5D331921F72C978004BE0DE /* AppDelegate.swift */ = {isa = PBXFileReference; lastKnownFileType = sourcecode.swift; path = AppDelegate.swift; sourceTree = "<group>"; };
		F5D331941F72C978004BE0DE /* ProfileViewController.swift */ = {isa = PBXFileReference; lastKnownFileType = sourcecode.swift; path = ProfileViewController.swift; sourceTree = "<group>"; };
		F5D331971F72C978004BE0DE /* Base */ = {isa = PBXFileReference; lastKnownFileType = file.storyboard; name = Base; path = Base.lproj/Profile.storyboard; sourceTree = "<group>"; };
		F5D3319C1F72C978004BE0DE /* Assets.xcassets */ = {isa = PBXFileReference; lastKnownFileType = folder.assetcatalog; path = Assets.xcassets; sourceTree = "<group>"; };
		F5D3319F1F72C978004BE0DE /* Base */ = {isa = PBXFileReference; lastKnownFileType = file.storyboard; name = Base; path = Base.lproj/LaunchScreen.storyboard; sourceTree = "<group>"; };
		F5D331A11F72C978004BE0DE /* Info.plist */ = {isa = PBXFileReference; lastKnownFileType = text.plist.xml; path = Info.plist; sourceTree = "<group>"; };
		F5D331A71F72D1A6004BE0DE /* Media.xcassets */ = {isa = PBXFileReference; lastKnownFileType = folder.assetcatalog; path = Media.xcassets; sourceTree = "<group>"; };
		F5D610931FA5F29A004161A7 /* ConversationAssembly.swift */ = {isa = PBXFileReference; lastKnownFileType = sourcecode.swift; path = ConversationAssembly.swift; sourceTree = "<group>"; };
		F5D610961FA5F2C1004161A7 /* ConversationModel.swift */ = {isa = PBXFileReference; lastKnownFileType = sourcecode.swift; path = ConversationModel.swift; sourceTree = "<group>"; };
		F5D610981FA5F312004161A7 /* SendMessageService.swift */ = {isa = PBXFileReference; lastKnownFileType = sourcecode.swift; path = SendMessageService.swift; sourceTree = "<group>"; };
		F5E471D11FA72FC1002EA9FB /* ProfileAssembly.swift */ = {isa = PBXFileReference; lastKnownFileType = sourcecode.swift; path = ProfileAssembly.swift; sourceTree = "<group>"; };
		F5E471D31FA72FD2002EA9FB /* ProfileModel.swift */ = {isa = PBXFileReference; lastKnownFileType = sourcecode.swift; path = ProfileModel.swift; sourceTree = "<group>"; };
		F5E471D51FA7397B002EA9FB /* ReadDataService.swift */ = {isa = PBXFileReference; lastKnownFileType = sourcecode.swift; path = ReadDataService.swift; sourceTree = "<group>"; };
		F5E471D71FA73989002EA9FB /* WriteDataService.swift */ = {isa = PBXFileReference; lastKnownFileType = sourcecode.swift; path = WriteDataService.swift; sourceTree = "<group>"; };
		F5E471D91FA75095002EA9FB /* CreateQueue.swift */ = {isa = PBXFileReference; lastKnownFileType = sourcecode.swift; path = CreateQueue.swift; sourceTree = "<group>"; };
/* End PBXFileReference section */

/* Begin PBXFrameworksBuildPhase section */
		F5D3318C1F72C978004BE0DE /* Frameworks */ = {
			isa = PBXFrameworksBuildPhase;
			buildActionMask = 2147483647;
			files = (
			);
			runOnlyForDeploymentPostprocessing = 0;
		};
/* End PBXFrameworksBuildPhase section */

/* Begin PBXGroup section */
		F50062E41F922B0900996929 /* Supporting Files */ = {
			isa = PBXGroup;
			children = (
				F5D331A71F72D1A6004BE0DE /* Media.xcassets */,
				F5D3319C1F72C978004BE0DE /* Assets.xcassets */,
			);
			path = "Supporting Files";
			sourceTree = "<group>";
		};
		F55D33851FA5E0110019D515 /* CoreLayer */ = {
			isa = PBXGroup;
			children = (
				F5C5CD3C1F9B800800F901CC /* CommunicationManager.swift */,
				F5C5CD381F9A90B600F901CC /* MultipeerCommunicator.swift */,
				F550A20F1F88E3B70077A1E0 /* Message.swift */,
				F5C5CD401F9BBD3E00F901CC /* FileManager */,
			);
			path = CoreLayer;
			sourceTree = "<group>";
		};
		F55D33881FA5E6E20019D515 /* ConversationViewController */ = {
			isa = PBXGroup;
			children = (
				F5D610931FA5F29A004161A7 /* ConversationAssembly.swift */,
				F5D610961FA5F2C1004161A7 /* ConversationModel.swift */,
				F563645D1F89585B00DC57BD /* ConversationViewController.swift */,
				F5D610951FA5F2A1004161A7 /* UI */,
			);
			path = ConversationViewController;
			sourceTree = "<group>";
		};
		F5A6AE191FA669C5004F54E8 /* ProfileViewController */ = {
			isa = PBXGroup;
			children = (
				F5E471D11FA72FC1002EA9FB /* ProfileAssembly.swift */,
				F5E471D31FA72FD2002EA9FB /* ProfileModel.swift */,
				F5D331941F72C978004BE0DE /* ProfileViewController.swift */,
				F5D331961F72C978004BE0DE /* Profile.storyboard */,
			);
			path = ProfileViewController;
			sourceTree = "<group>";
		};
		F5C2AAA81FA4A4CE00FB028F /* PresentationLayer */ = {
			isa = PBXGroup;
			children = (
				F5C2AAA91FA4A53800FB028F /* Modules */,
			);
			path = PresentationLayer;
			sourceTree = "<group>";
		};
		F5C2AAA91FA4A53800FB028F /* Modules */ = {
			isa = PBXGroup;
			children = (
				F5C2AAAA1FA4A54300FB028F /* ConversationsListViewController */,
				F55D33881FA5E6E20019D515 /* ConversationViewController */,
				F5A6AE191FA669C5004F54E8 /* ProfileViewController */,
			);
			path = Modules;
			sourceTree = "<group>";
		};
		F5C2AAAA1FA4A54300FB028F /* ConversationsListViewController */ = {
			isa = PBXGroup;
			children = (
				F5C2AAAD1FA4AAA700FB028F /* ConversationsListAssembly.swift */,
				F5C2AAB01FA5044300FB028F /* ConversationsListModel.swift */,
				F550A20B1F88166F0077A1E0 /* ConversationsListViewController.swift */,
				F5C2AAAF1FA502BC00FB028F /* UI */,
			);
			path = ConversationsListViewController;
			sourceTree = "<group>";
		};
		F5C2AAAF1FA502BC00FB028F /* UI */ = {
			isa = PBXGroup;
			children = (
				F550A20D1F88D7F60077A1E0 /* ConversationsTableViewCell.swift */,
				F5C2AAA41FA496FA00FB028F /* ConversationsList.storyboard */,
			);
			path = UI;
			sourceTree = "<group>";
		};
		F5C5CD401F9BBD3E00F901CC /* FileManager */ = {
			isa = PBXGroup;
			children = (
				F5E471D91FA75095002EA9FB /* CreateQueue.swift */,
				F50062F01F9240D200996929 /* GCDDataManager.swift */,
				F50062F21F9240DF00996929 /* OperationDataManager.swift */,
			);
			path = FileManager;
			sourceTree = "<group>";
		};
		F5D331861F72C978004BE0DE = {
			isa = PBXGroup;
			children = (
				F5D331911F72C978004BE0DE /* TinkoffChat */,
				F5D331901F72C978004BE0DE /* Products */,
			);
			sourceTree = "<group>";
		};
		F5D331901F72C978004BE0DE /* Products */ = {
			isa = PBXGroup;
			children = (
				F5D3318F1F72C978004BE0DE /* TinkoffChat.app */,
			);
			name = Products;
			sourceTree = "<group>";
		};
		F5D331911F72C978004BE0DE /* TinkoffChat */ = {
			isa = PBXGroup;
			children = (
				F5C2AAA81FA4A4CE00FB028F /* PresentationLayer */,
				F5D62FDE1FA531C3003B6080 /* ServiceLayer */,
				F55D33851FA5E0110019D515 /* CoreLayer */,
				F5D331921F72C978004BE0DE /* AppDelegate.swift */,
				F5C2AAAB1FA4A5F800FB028F /* RootAssembly.swift */,
				F5D3319E1F72C978004BE0DE /* LaunchScreen.storyboard */,
				F5D331A11F72C978004BE0DE /* Info.plist */,
				F50062E41F922B0900996929 /* Supporting Files */,
			);
			path = TinkoffChat;
			sourceTree = "<group>";
		};
		F5D610951FA5F2A1004161A7 /* UI */ = {
			isa = PBXGroup;
			children = (
				F563645F1F89692700DC57BD /* ChatTableViewCell.swift */,
				F5C2AAA61FA4970D00FB028F /* Conversation.storyboard */,
			);
			path = UI;
			sourceTree = "<group>";
		};
		F5D62FDE1FA531C3003B6080 /* ServiceLayer */ = {
			isa = PBXGroup;
			children = (
				F55D33861FA5E1E30019D515 /* PeersService.swift */,
				F5D610981FA5F312004161A7 /* SendMessageService.swift */,
				F5A6AE1A1FA67159004F54E8 /* FetchMessagesService.swift */,
				F5E471D51FA7397B002EA9FB /* ReadDataService.swift */,
				F5E471D71FA73989002EA9FB /* WriteDataService.swift */,
			);
			path = ServiceLayer;
			sourceTree = "<group>";
		};
/* End PBXGroup section */

/* Begin PBXNativeTarget section */
		F5D3318E1F72C978004BE0DE /* TinkoffChat */ = {
			isa = PBXNativeTarget;
			buildConfigurationList = F5D331A41F72C978004BE0DE /* Build configuration list for PBXNativeTarget "TinkoffChat" */;
			buildPhases = (
				F5D3318B1F72C978004BE0DE /* Sources */,
				F5D3318C1F72C978004BE0DE /* Frameworks */,
				F5D3318D1F72C978004BE0DE /* Resources */,
			);
			buildRules = (
			);
			dependencies = (
			);
			name = TinkoffChat;
			productName = TinkoffChat;
			productReference = F5D3318F1F72C978004BE0DE /* TinkoffChat.app */;
			productType = "com.apple.product-type.application";
		};
/* End PBXNativeTarget section */

/* Begin PBXProject section */
		F5D331871F72C978004BE0DE /* Project object */ = {
			isa = PBXProject;
			attributes = {
				LastSwiftUpdateCheck = 0830;
				LastUpgradeCheck = 0900;
				ORGANIZATIONNAME = "Maxim Stegnienko";
				TargetAttributes = {
					F5D3318E1F72C978004BE0DE = {
						CreatedOnToolsVersion = 8.3.3;
						DevelopmentTeam = 2E7KMG8542;
						LastSwiftMigration = 0900;
						ProvisioningStyle = Automatic;
					};
				};
			};
			buildConfigurationList = F5D3318A1F72C978004BE0DE /* Build configuration list for PBXProject "TinkoffChat" */;
			compatibilityVersion = "Xcode 3.2";
			developmentRegion = English;
			hasScannedForEncodings = 0;
			knownRegions = (
				en,
				Base,
			);
			mainGroup = F5D331861F72C978004BE0DE;
			productRefGroup = F5D331901F72C978004BE0DE /* Products */;
			projectDirPath = "";
			projectRoot = "";
			targets = (
				F5D3318E1F72C978004BE0DE /* TinkoffChat */,
			);
		};
/* End PBXProject section */

/* Begin PBXResourcesBuildPhase section */
		F5D3318D1F72C978004BE0DE /* Resources */ = {
			isa = PBXResourcesBuildPhase;
			buildActionMask = 2147483647;
			files = (
				F5C2AAA51FA496FA00FB028F /* ConversationsList.storyboard in Resources */,
				F5D331A01F72C978004BE0DE /* LaunchScreen.storyboard in Resources */,
				F5D3319D1F72C978004BE0DE /* Assets.xcassets in Resources */,
				F5C2AAA71FA4970D00FB028F /* Conversation.storyboard in Resources */,
				F5D331A81F72D1A6004BE0DE /* Media.xcassets in Resources */,
				F5D331981F72C978004BE0DE /* Profile.storyboard in Resources */,
			);
			runOnlyForDeploymentPostprocessing = 0;
		};
/* End PBXResourcesBuildPhase section */

/* Begin PBXSourcesBuildPhase section */
		F5D3318B1F72C978004BE0DE /* Sources */ = {
			isa = PBXSourcesBuildPhase;
			buildActionMask = 2147483647;
			files = (
				F550A20E1F88D7F60077A1E0 /* ConversationsTableViewCell.swift in Sources */,
				F5C2AAAC1FA4A5F800FB028F /* RootAssembly.swift in Sources */,
				F5C2AAB11FA5044300FB028F /* ConversationsListModel.swift in Sources */,
				F5E471D41FA72FD2002EA9FB /* ProfileModel.swift in Sources */,
				F5C5CD391F9A90B600F901CC /* MultipeerCommunicator.swift in Sources */,
				F5E471D61FA7397B002EA9FB /* ReadDataService.swift in Sources */,
				F5D610991FA5F312004161A7 /* SendMessageService.swift in Sources */,
				F5D331951F72C978004BE0DE /* ProfileViewController.swift in Sources */,
				F50062F11F9240D200996929 /* GCDDataManager.swift in Sources */,
				F5C2AAAE1FA4AAA700FB028F /* ConversationsListAssembly.swift in Sources */,
				F563645E1F89585B00DC57BD /* ConversationViewController.swift in Sources */,
				F550A2101F88E3B70077A1E0 /* Message.swift in Sources */,
				F56364601F89692700DC57BD /* ChatTableViewCell.swift in Sources */,
				F5A6AE1B1FA67159004F54E8 /* FetchMessagesService.swift in Sources */,
				F5E471D81FA73989002EA9FB /* WriteDataService.swift in Sources */,
				F5D610941FA5F29A004161A7 /* ConversationAssembly.swift in Sources */,
				F5D331931F72C978004BE0DE /* AppDelegate.swift in Sources */,
				F550A20C1F88166F0077A1E0 /* ConversationsListViewController.swift in Sources */,
				F55D33871FA5E1E30019D515 /* PeersService.swift in Sources */,
				F5E471D21FA72FC1002EA9FB /* ProfileAssembly.swift in Sources */,
				F5C5CD3D1F9B800800F901CC /* CommunicationManager.swift in Sources */,
				F5D610971FA5F2C1004161A7 /* ConversationModel.swift in Sources */,
				F50062F31F9240DF00996929 /* OperationDataManager.swift in Sources */,
				F5E471DA1FA75095002EA9FB /* CreateQueue.swift in Sources */,
			);
			runOnlyForDeploymentPostprocessing = 0;
		};
/* End PBXSourcesBuildPhase section */

/* Begin PBXVariantGroup section */
		F5D331961F72C978004BE0DE /* Profile.storyboard */ = {
			isa = PBXVariantGroup;
			children = (
				F5D331971F72C978004BE0DE /* Base */,
			);
			name = Profile.storyboard;
			sourceTree = "<group>";
		};
		F5D3319E1F72C978004BE0DE /* LaunchScreen.storyboard */ = {
			isa = PBXVariantGroup;
			children = (
				F5D3319F1F72C978004BE0DE /* Base */,
			);
			name = LaunchScreen.storyboard;
			sourceTree = "<group>";
		};
/* End PBXVariantGroup section */

/* Begin XCBuildConfiguration section */
		F5D331A21F72C978004BE0DE /* Debug */ = {
			isa = XCBuildConfiguration;
			buildSettings = {
				ALWAYS_SEARCH_USER_PATHS = NO;
				CLANG_ANALYZER_NONNULL = YES;
				CLANG_ANALYZER_NUMBER_OBJECT_CONVERSION = YES_AGGRESSIVE;
				CLANG_CXX_LANGUAGE_STANDARD = "gnu++0x";
				CLANG_CXX_LIBRARY = "libc++";
				CLANG_ENABLE_MODULES = YES;
				CLANG_ENABLE_OBJC_ARC = YES;
				CLANG_WARN_BLOCK_CAPTURE_AUTORELEASING = YES;
				CLANG_WARN_BOOL_CONVERSION = YES;
				CLANG_WARN_COMMA = YES;
				CLANG_WARN_CONSTANT_CONVERSION = YES;
				CLANG_WARN_DIRECT_OBJC_ISA_USAGE = YES_ERROR;
				CLANG_WARN_DOCUMENTATION_COMMENTS = YES;
				CLANG_WARN_EMPTY_BODY = YES;
				CLANG_WARN_ENUM_CONVERSION = YES;
				CLANG_WARN_INFINITE_RECURSION = YES;
				CLANG_WARN_INT_CONVERSION = YES;
				CLANG_WARN_NON_LITERAL_NULL_CONVERSION = YES;
				CLANG_WARN_OBJC_LITERAL_CONVERSION = YES;
				CLANG_WARN_OBJC_ROOT_CLASS = YES_ERROR;
				CLANG_WARN_RANGE_LOOP_ANALYSIS = YES;
				CLANG_WARN_STRICT_PROTOTYPES = YES;
				CLANG_WARN_SUSPICIOUS_MOVE = YES;
				CLANG_WARN_UNREACHABLE_CODE = YES;
				CLANG_WARN__DUPLICATE_METHOD_MATCH = YES;
				"CODE_SIGN_IDENTITY[sdk=iphoneos*]" = "iPhone Developer";
				COPY_PHASE_STRIP = NO;
				DEBUG_INFORMATION_FORMAT = dwarf;
				ENABLE_STRICT_OBJC_MSGSEND = YES;
				ENABLE_TESTABILITY = YES;
				GCC_C_LANGUAGE_STANDARD = gnu99;
				GCC_DYNAMIC_NO_PIC = NO;
				GCC_NO_COMMON_BLOCKS = YES;
				GCC_OPTIMIZATION_LEVEL = 0;
				GCC_PREPROCESSOR_DEFINITIONS = (
					"DEBUG=1",
					"$(inherited)",
				);
				GCC_WARN_64_TO_32_BIT_CONVERSION = YES;
				GCC_WARN_ABOUT_RETURN_TYPE = YES_ERROR;
				GCC_WARN_UNDECLARED_SELECTOR = YES;
				GCC_WARN_UNINITIALIZED_AUTOS = YES_AGGRESSIVE;
				GCC_WARN_UNUSED_FUNCTION = YES;
				GCC_WARN_UNUSED_VARIABLE = YES;
				IPHONEOS_DEPLOYMENT_TARGET = 10.3;
				MTL_ENABLE_DEBUG_INFO = YES;
				ONLY_ACTIVE_ARCH = YES;
				SDKROOT = iphoneos;
				SWIFT_ACTIVE_COMPILATION_CONDITIONS = DEBUG;
				SWIFT_OPTIMIZATION_LEVEL = "-Onone";
			};
			name = Debug;
		};
		F5D331A31F72C978004BE0DE /* Release */ = {
			isa = XCBuildConfiguration;
			buildSettings = {
				ALWAYS_SEARCH_USER_PATHS = NO;
				CLANG_ANALYZER_NONNULL = YES;
				CLANG_ANALYZER_NUMBER_OBJECT_CONVERSION = YES_AGGRESSIVE;
				CLANG_CXX_LANGUAGE_STANDARD = "gnu++0x";
				CLANG_CXX_LIBRARY = "libc++";
				CLANG_ENABLE_MODULES = YES;
				CLANG_ENABLE_OBJC_ARC = YES;
				CLANG_WARN_BLOCK_CAPTURE_AUTORELEASING = YES;
				CLANG_WARN_BOOL_CONVERSION = YES;
				CLANG_WARN_COMMA = YES;
				CLANG_WARN_CONSTANT_CONVERSION = YES;
				CLANG_WARN_DIRECT_OBJC_ISA_USAGE = YES_ERROR;
				CLANG_WARN_DOCUMENTATION_COMMENTS = YES;
				CLANG_WARN_EMPTY_BODY = YES;
				CLANG_WARN_ENUM_CONVERSION = YES;
				CLANG_WARN_INFINITE_RECURSION = YES;
				CLANG_WARN_INT_CONVERSION = YES;
				CLANG_WARN_NON_LITERAL_NULL_CONVERSION = YES;
				CLANG_WARN_OBJC_LITERAL_CONVERSION = YES;
				CLANG_WARN_OBJC_ROOT_CLASS = YES_ERROR;
				CLANG_WARN_RANGE_LOOP_ANALYSIS = YES;
				CLANG_WARN_STRICT_PROTOTYPES = YES;
				CLANG_WARN_SUSPICIOUS_MOVE = YES;
				CLANG_WARN_UNREACHABLE_CODE = YES;
				CLANG_WARN__DUPLICATE_METHOD_MATCH = YES;
				"CODE_SIGN_IDENTITY[sdk=iphoneos*]" = "iPhone Developer";
				COPY_PHASE_STRIP = NO;
				DEBUG_INFORMATION_FORMAT = "dwarf-with-dsym";
				ENABLE_NS_ASSERTIONS = NO;
				ENABLE_STRICT_OBJC_MSGSEND = YES;
				GCC_C_LANGUAGE_STANDARD = gnu99;
				GCC_NO_COMMON_BLOCKS = YES;
				GCC_WARN_64_TO_32_BIT_CONVERSION = YES;
				GCC_WARN_ABOUT_RETURN_TYPE = YES_ERROR;
				GCC_WARN_UNDECLARED_SELECTOR = YES;
				GCC_WARN_UNINITIALIZED_AUTOS = YES_AGGRESSIVE;
				GCC_WARN_UNUSED_FUNCTION = YES;
				GCC_WARN_UNUSED_VARIABLE = YES;
				IPHONEOS_DEPLOYMENT_TARGET = 10.3;
				MTL_ENABLE_DEBUG_INFO = NO;
				SDKROOT = iphoneos;
				SWIFT_OPTIMIZATION_LEVEL = "-Owholemodule";
				VALIDATE_PRODUCT = YES;
			};
			name = Release;
		};
		F5D331A51F72C978004BE0DE /* Debug */ = {
			isa = XCBuildConfiguration;
			buildSettings = {
				ASSETCATALOG_COMPILER_APPICON_NAME = AppIcon;
				DEVELOPMENT_TEAM = 2E7KMG8542;
				INFOPLIST_FILE = TinkoffChat/Info.plist;
				LD_RUNPATH_SEARCH_PATHS = "$(inherited) @executable_path/Frameworks";
				PRODUCT_BUNDLE_IDENTIFIER = Stegnienko.TinkoffChat;
				PRODUCT_NAME = "$(TARGET_NAME)";
				SWIFT_SWIFT3_OBJC_INFERENCE = Off;
				SWIFT_VERSION = 4.0;
			};
			name = Debug;
		};
		F5D331A61F72C978004BE0DE /* Release */ = {
			isa = XCBuildConfiguration;
			buildSettings = {
				ASSETCATALOG_COMPILER_APPICON_NAME = AppIcon;
				DEVELOPMENT_TEAM = 2E7KMG8542;
				INFOPLIST_FILE = TinkoffChat/Info.plist;
				LD_RUNPATH_SEARCH_PATHS = "$(inherited) @executable_path/Frameworks";
				PRODUCT_BUNDLE_IDENTIFIER = Stegnienko.TinkoffChat;
				PRODUCT_NAME = "$(TARGET_NAME)";
				SWIFT_SWIFT3_OBJC_INFERENCE = Off;
				SWIFT_VERSION = 4.0;
			};
			name = Release;
		};
/* End XCBuildConfiguration section */

/* Begin XCConfigurationList section */
		F5D3318A1F72C978004BE0DE /* Build configuration list for PBXProject "TinkoffChat" */ = {
			isa = XCConfigurationList;
			buildConfigurations = (
				F5D331A21F72C978004BE0DE /* Debug */,
				F5D331A31F72C978004BE0DE /* Release */,
			);
			defaultConfigurationIsVisible = 0;
			defaultConfigurationName = Release;
		};
		F5D331A41F72C978004BE0DE /* Build configuration list for PBXNativeTarget "TinkoffChat" */ = {
			isa = XCConfigurationList;
			buildConfigurations = (
				F5D331A51F72C978004BE0DE /* Debug */,
				F5D331A61F72C978004BE0DE /* Release */,
			);
			defaultConfigurationIsVisible = 0;
			defaultConfigurationName = Release;
		};
/* End XCConfigurationList section */
	};
	rootObject = F5D331871F72C978004BE0DE /* Project object */;
}
